// !$*UTF8*$!
{
	archiveVersion = 1;
	classes = {
	};
	objectVersion = 50;
	objects = {

/* Begin PBXBuildFile section */
		FC3B0376270FEC1100266021 /* TestChallengeApp.swift in Sources */ = {isa = PBXBuildFile; fileRef = FC3B0375270FEC1100266021 /* TestChallengeApp.swift */; };
		FC3B037A270FEC1200266021 /* Assets.xcassets in Resources */ = {isa = PBXBuildFile; fileRef = FC3B0379270FEC1200266021 /* Assets.xcassets */; };
		FC3B037D270FEC1200266021 /* Preview Assets.xcassets in Resources */ = {isa = PBXBuildFile; fileRef = FC3B037C270FEC1200266021 /* Preview Assets.xcassets */; };
		FC3B037F270FEC1200266021 /* Persistence.swift in Sources */ = {isa = PBXBuildFile; fileRef = FC3B037E270FEC1200266021 /* Persistence.swift */; };
		FC3B0382270FEC1200266021 /* TestChallenge.xcdatamodeld in Sources */ = {isa = PBXBuildFile; fileRef = FC3B0380270FEC1200266021 /* TestChallenge.xcdatamodeld */; };
		FC3B0392270FF36F00266021 /* ContentView.swift in Sources */ = {isa = PBXBuildFile; fileRef = FC3B0391270FF36F00266021 /* ContentView.swift */; };
		FC3B0394270FF3BB00266021 /* ListView.swift in Sources */ = {isa = PBXBuildFile; fileRef = FC3B0393270FF3BB00266021 /* ListView.swift */; };
		FC3B0396270FF47400266021 /* CurrentCell.swift in Sources */ = {isa = PBXBuildFile; fileRef = FC3B0395270FF47400266021 /* CurrentCell.swift */; };
		FC3B0398270FF47B00266021 /* HighratingCell.swift in Sources */ = {isa = PBXBuildFile; fileRef = FC3B0397270FF47B00266021 /* HighratingCell.swift */; };
		FC3B039A270FF48900266021 /* PopularCell.swift in Sources */ = {isa = PBXBuildFile; fileRef = FC3B0399270FF48900266021 /* PopularCell.swift */; };
		FC3B039C270FF49600266021 /* ExpectedCell.swift in Sources */ = {isa = PBXBuildFile; fileRef = FC3B039B270FF49600266021 /* ExpectedCell.swift */; };
		FC3B03A3270FFA2600266021 /* disney.jpeg in Resources */ = {isa = PBXBuildFile; fileRef = FC3B03A2270FFA2600266021 /* disney.jpeg */; };
		FC3B03B6270FFE1D00266021 /* NotoSansKR-Bold.otf in Resources */ = {isa = PBXBuildFile; fileRef = FC3B03B0270FFE1D00266021 /* NotoSansKR-Bold.otf */; };
		FC3B03B7270FFE1D00266021 /* NotoSansKR-Medium.otf in Resources */ = {isa = PBXBuildFile; fileRef = FC3B03B1270FFE1D00266021 /* NotoSansKR-Medium.otf */; };
		FC3B03B8270FFE1D00266021 /* NotoSansKR-Thin.otf in Resources */ = {isa = PBXBuildFile; fileRef = FC3B03B2270FFE1D00266021 /* NotoSansKR-Thin.otf */; };
		FC3B03B9270FFE1D00266021 /* NotoSansKR-Black.otf in Resources */ = {isa = PBXBuildFile; fileRef = FC3B03B3270FFE1D00266021 /* NotoSansKR-Black.otf */; };
		FC3B03BA270FFE1D00266021 /* NotoSansKR-Regular.otf in Resources */ = {isa = PBXBuildFile; fileRef = FC3B03B4270FFE1D00266021 /* NotoSansKR-Regular.otf */; };
		FC3B03BB270FFE1D00266021 /* NotoSansKR-Light.otf in Resources */ = {isa = PBXBuildFile; fileRef = FC3B03B5270FFE1D00266021 /* NotoSansKR-Light.otf */; };
		FC3B03BD2710271E00266021 /* CurrentPagination.swift in Sources */ = {isa = PBXBuildFile; fileRef = FC3B03BC2710271E00266021 /* CurrentPagination.swift */; };
		FC3B03BF27102F2C00266021 /* Stars.swift in Sources */ = {isa = PBXBuildFile; fileRef = FC3B03BE27102F2C00266021 /* Stars.swift */; };
		FC3B03C12710387000266021 /* MovieList.swift in Sources */ = {isa = PBXBuildFile; fileRef = FC3B03C02710387000266021 /* MovieList.swift */; };
		FC3B03C32710464D00266021 /* DetailView.swift in Sources */ = {isa = PBXBuildFile; fileRef = FC3B03C22710464D00266021 /* DetailView.swift */; };
		FC3B03C527106BDB00266021 /* DetailImage.swift in Sources */ = {isa = PBXBuildFile; fileRef = FC3B03C427106BDB00266021 /* DetailImage.swift */; };
/* End PBXBuildFile section */

/* Begin PBXFileReference section */
		FC3B0372270FEC1100266021 /* TestChallenge.app */ = {isa = PBXFileReference; explicitFileType = wrapper.application; includeInIndex = 0; path = TestChallenge.app; sourceTree = BUILT_PRODUCTS_DIR; };
		FC3B0375270FEC1100266021 /* TestChallengeApp.swift */ = {isa = PBXFileReference; lastKnownFileType = sourcecode.swift; path = TestChallengeApp.swift; sourceTree = "<group>"; };
		FC3B0379270FEC1200266021 /* Assets.xcassets */ = {isa = PBXFileReference; lastKnownFileType = folder.assetcatalog; path = Assets.xcassets; sourceTree = "<group>"; };
		FC3B037C270FEC1200266021 /* Preview Assets.xcassets */ = {isa = PBXFileReference; lastKnownFileType = folder.assetcatalog; path = "Preview Assets.xcassets"; sourceTree = "<group>"; };
		FC3B037E270FEC1200266021 /* Persistence.swift */ = {isa = PBXFileReference; lastKnownFileType = sourcecode.swift; path = Persistence.swift; sourceTree = "<group>"; };
		FC3B0381270FEC1200266021 /* TestChallenge.xcdatamodel */ = {isa = PBXFileReference; lastKnownFileType = wrapper.xcdatamodel; path = TestChallenge.xcdatamodel; sourceTree = "<group>"; };
		FC3B0383270FEC1200266021 /* Info.plist */ = {isa = PBXFileReference; lastKnownFileType = text.plist.xml; path = Info.plist; sourceTree = "<group>"; };
		FC3B0391270FF36F00266021 /* ContentView.swift */ = {isa = PBXFileReference; lastKnownFileType = sourcecode.swift; path = ContentView.swift; sourceTree = "<group>"; };
		FC3B0393270FF3BB00266021 /* ListView.swift */ = {isa = PBXFileReference; lastKnownFileType = sourcecode.swift; path = ListView.swift; sourceTree = "<group>"; };
		FC3B0395270FF47400266021 /* CurrentCell.swift */ = {isa = PBXFileReference; lastKnownFileType = sourcecode.swift; path = CurrentCell.swift; sourceTree = "<group>"; };
		FC3B0397270FF47B00266021 /* HighratingCell.swift */ = {isa = PBXFileReference; lastKnownFileType = sourcecode.swift; path = HighratingCell.swift; sourceTree = "<group>"; };
		FC3B0399270FF48900266021 /* PopularCell.swift */ = {isa = PBXFileReference; lastKnownFileType = sourcecode.swift; path = PopularCell.swift; sourceTree = "<group>"; };
		FC3B039B270FF49600266021 /* ExpectedCell.swift */ = {isa = PBXFileReference; lastKnownFileType = sourcecode.swift; path = ExpectedCell.swift; sourceTree = "<group>"; };
		FC3B03A2270FFA2600266021 /* disney.jpeg */ = {isa = PBXFileReference; lastKnownFileType = image.jpeg; path = disney.jpeg; sourceTree = "<group>"; };
		FC3B03B0270FFE1D00266021 /* NotoSansKR-Bold.otf */ = {isa = PBXFileReference; lastKnownFileType = file; name = "NotoSansKR-Bold.otf"; path = "../../../../../../Downloads/Noto_Sans_KR/NotoSansKR-Bold.otf"; sourceTree = "<group>"; };
		FC3B03B1270FFE1D00266021 /* NotoSansKR-Medium.otf */ = {isa = PBXFileReference; lastKnownFileType = file; name = "NotoSansKR-Medium.otf"; path = "../../../../../../Downloads/Noto_Sans_KR/NotoSansKR-Medium.otf"; sourceTree = "<group>"; };
		FC3B03B2270FFE1D00266021 /* NotoSansKR-Thin.otf */ = {isa = PBXFileReference; lastKnownFileType = file; name = "NotoSansKR-Thin.otf"; path = "../../../../../../Downloads/Noto_Sans_KR/NotoSansKR-Thin.otf"; sourceTree = "<group>"; };
		FC3B03B3270FFE1D00266021 /* NotoSansKR-Black.otf */ = {isa = PBXFileReference; lastKnownFileType = file; name = "NotoSansKR-Black.otf"; path = "../../../../../../Downloads/Noto_Sans_KR/NotoSansKR-Black.otf"; sourceTree = "<group>"; };
		FC3B03B4270FFE1D00266021 /* NotoSansKR-Regular.otf */ = {isa = PBXFileReference; lastKnownFileType = file; name = "NotoSansKR-Regular.otf"; path = "../../../../../../Downloads/Noto_Sans_KR/NotoSansKR-Regular.otf"; sourceTree = "<group>"; };
		FC3B03B5270FFE1D00266021 /* NotoSansKR-Light.otf */ = {isa = PBXFileReference; lastKnownFileType = file; name = "NotoSansKR-Light.otf"; path = "../../../../../../Downloads/Noto_Sans_KR/NotoSansKR-Light.otf"; sourceTree = "<group>"; };
		FC3B03BC2710271E00266021 /* CurrentPagination.swift */ = {isa = PBXFileReference; lastKnownFileType = sourcecode.swift; path = CurrentPagination.swift; sourceTree = "<group>"; };
		FC3B03BE27102F2C00266021 /* Stars.swift */ = {isa = PBXFileReference; lastKnownFileType = sourcecode.swift; path = Stars.swift; sourceTree = "<group>"; };
		FC3B03C02710387000266021 /* MovieList.swift */ = {isa = PBXFileReference; lastKnownFileType = sourcecode.swift; path = MovieList.swift; sourceTree = "<group>"; };
		FC3B03C22710464D00266021 /* DetailView.swift */ = {isa = PBXFileReference; lastKnownFileType = sourcecode.swift; path = DetailView.swift; sourceTree = "<group>"; };
		FC3B03C427106BDB00266021 /* DetailImage.swift */ = {isa = PBXFileReference; lastKnownFileType = sourcecode.swift; path = DetailImage.swift; sourceTree = "<group>"; };
/* End PBXFileReference section */

/* Begin PBXFrameworksBuildPhase section */
		FC3B036F270FEC1100266021 /* Frameworks */ = {
			isa = PBXFrameworksBuildPhase;
			buildActionMask = 2147483647;
			files = (
			);
			runOnlyForDeploymentPostprocessing = 0;
		};
/* End PBXFrameworksBuildPhase section */

/* Begin PBXGroup section */
		FC3B0369270FEC1100266021 = {
			isa = PBXGroup;
			children = (
				FC3B0374270FEC1100266021 /* TestChallenge */,
				FC3B0373270FEC1100266021 /* Products */,
			);
			sourceTree = "<group>";
		};
		FC3B0373270FEC1100266021 /* Products */ = {
			isa = PBXGroup;
			children = (
				FC3B0372270FEC1100266021 /* TestChallenge.app */,
			);
			name = Products;
			sourceTree = "<group>";
		};
		FC3B0374270FEC1100266021 /* TestChallenge */ = {
			isa = PBXGroup;
			children = (
				FC3B0389270FEDBD00266021 /* Model */,
				FC3B038A270FEDC800266021 /* View */,
				FC3B038B270FEDCF00266021 /* ViewModel */,
				FC3B038C270FEDE500266021 /* API */,
				FC3B038D270FEDEC00266021 /* Utils */,
				FC3B0375270FEC1100266021 /* TestChallengeApp.swift */,
				FC3B0379270FEC1200266021 /* Assets.xcassets */,
				FC3B037E270FEC1200266021 /* Persistence.swift */,
				FC3B0383270FEC1200266021 /* Info.plist */,
				FC3B0380270FEC1200266021 /* TestChallenge.xcdatamodeld */,
				FC3B039D270FF8E200266021 /* SupportingFiles */,
				FC3B037B270FEC1200266021 /* Preview Content */,
			);
			path = TestChallenge;
			sourceTree = "<group>";
		};
		FC3B037B270FEC1200266021 /* Preview Content */ = {
			isa = PBXGroup;
			children = (
				FC3B037C270FEC1200266021 /* Preview Assets.xcassets */,
			);
			path = "Preview Content";
			sourceTree = "<group>";
		};
		FC3B0389270FEDBD00266021 /* Model */ = {
			isa = PBXGroup;
			children = (
			);
			path = Model;
			sourceTree = "<group>";
		};
		FC3B038A270FEDC800266021 /* View */ = {
			isa = PBXGroup;
			children = (
				FC3B038E270FEE4700266021 /* List */,
				FC3B038F270FEE6E00266021 /* Detail */,
				FC3B0390270FF31700266021 /* Main */,
			);
			path = View;
			sourceTree = "<group>";
		};
		FC3B038B270FEDCF00266021 /* ViewModel */ = {
			isa = PBXGroup;
			children = (
			);
			path = ViewModel;
			sourceTree = "<group>";
		};
		FC3B038C270FEDE500266021 /* API */ = {
			isa = PBXGroup;
			children = (
			);
			path = API;
			sourceTree = "<group>";
		};
		FC3B038D270FEDEC00266021 /* Utils */ = {
			isa = PBXGroup;
			children = (
			);
			path = Utils;
			sourceTree = "<group>";
		};
		FC3B038E270FEE4700266021 /* List */ = {
			isa = PBXGroup;
			children = (
				FC3B0393270FF3BB00266021 /* ListView.swift */,
				FC3B0395270FF47400266021 /* CurrentCell.swift */,
				FC3B03BC2710271E00266021 /* CurrentPagination.swift */,
				FC3B03BE27102F2C00266021 /* Stars.swift */,
				FC3B039B270FF49600266021 /* ExpectedCell.swift */,
				FC3B03C02710387000266021 /* MovieList.swift */,
				FC3B0399270FF48900266021 /* PopularCell.swift */,
				FC3B0397270FF47B00266021 /* HighratingCell.swift */,
			);
			path = List;
			sourceTree = "<group>";
		};
		FC3B038F270FEE6E00266021 /* Detail */ = {
			isa = PBXGroup;
			children = (
				FC3B03C22710464D00266021 /* DetailView.swift */,
				FC3B03C427106BDB00266021 /* DetailImage.swift */,
			);
			path = Detail;
			sourceTree = "<group>";
		};
		FC3B0390270FF31700266021 /* Main */ = {
			isa = PBXGroup;
			children = (
				FC3B0391270FF36F00266021 /* ContentView.swift */,
			);
			path = Main;
			sourceTree = "<group>";
		};
		FC3B039D270FF8E200266021 /* SupportingFiles */ = {
			isa = PBXGroup;
			children = (
				FC3B03A1270FFA1900266021 /* Images */,
				FC3B03A0270FF93600266021 /* Fonts */,
			);
			path = SupportingFiles;
			sourceTree = "<group>";
		};
		FC3B03A0270FF93600266021 /* Fonts */ = {
			isa = PBXGroup;
			children = (
				FC3B03B3270FFE1D00266021 /* NotoSansKR-Black.otf */,
				FC3B03B0270FFE1D00266021 /* NotoSansKR-Bold.otf */,
				FC3B03B5270FFE1D00266021 /* NotoSansKR-Light.otf */,
				FC3B03B1270FFE1D00266021 /* NotoSansKR-Medium.otf */,
				FC3B03B4270FFE1D00266021 /* NotoSansKR-Regular.otf */,
				FC3B03B2270FFE1D00266021 /* NotoSansKR-Thin.otf */,
			);
			path = Fonts;
			sourceTree = "<group>";
		};
		FC3B03A1270FFA1900266021 /* Images */ = {
			isa = PBXGroup;
			children = (
				FC3B03A2270FFA2600266021 /* disney.jpeg */,
			);
			path = Images;
			sourceTree = "<group>";
		};
/* End PBXGroup section */

/* Begin PBXNativeTarget section */
		FC3B0371270FEC1100266021 /* TestChallenge */ = {
			isa = PBXNativeTarget;
			buildConfigurationList = FC3B0386270FEC1200266021 /* Build configuration list for PBXNativeTarget "TestChallenge" */;
			buildPhases = (
				FC3B036E270FEC1100266021 /* Sources */,
				FC3B036F270FEC1100266021 /* Frameworks */,
				FC3B0370270FEC1100266021 /* Resources */,
			);
			buildRules = (
			);
			dependencies = (
			);
			name = TestChallenge;
			productName = TestChallenge;
			productReference = FC3B0372270FEC1100266021 /* TestChallenge.app */;
			productType = "com.apple.product-type.application";
		};
/* End PBXNativeTarget section */

/* Begin PBXProject section */
		FC3B036A270FEC1100266021 /* Project object */ = {
			isa = PBXProject;
			attributes = {
				LastSwiftUpdateCheck = 1250;
				LastUpgradeCheck = 1250;
				TargetAttributes = {
					FC3B0371270FEC1100266021 = {
						CreatedOnToolsVersion = 12.5.1;
					};
				};
			};
			buildConfigurationList = FC3B036D270FEC1100266021 /* Build configuration list for PBXProject "TestChallenge" */;
			compatibilityVersion = "Xcode 9.3";
			developmentRegion = en;
			hasScannedForEncodings = 0;
			knownRegions = (
				en,
				Base,
			);
			mainGroup = FC3B0369270FEC1100266021;
			productRefGroup = FC3B0373270FEC1100266021 /* Products */;
			projectDirPath = "";
			projectRoot = "";
			targets = (
				FC3B0371270FEC1100266021 /* TestChallenge */,
			);
		};
/* End PBXProject section */

/* Begin PBXResourcesBuildPhase section */
		FC3B0370270FEC1100266021 /* Resources */ = {
			isa = PBXResourcesBuildPhase;
			buildActionMask = 2147483647;
			files = (
				FC3B03B8270FFE1D00266021 /* NotoSansKR-Thin.otf in Resources */,
				FC3B037D270FEC1200266021 /* Preview Assets.xcassets in Resources */,
				FC3B037A270FEC1200266021 /* Assets.xcassets in Resources */,
				FC3B03B7270FFE1D00266021 /* NotoSansKR-Medium.otf in Resources */,
				FC3B03B6270FFE1D00266021 /* NotoSansKR-Bold.otf in Resources */,
				FC3B03B9270FFE1D00266021 /* NotoSansKR-Black.otf in Resources */,
				FC3B03BB270FFE1D00266021 /* NotoSansKR-Light.otf in Resources */,
				FC3B03BA270FFE1D00266021 /* NotoSansKR-Regular.otf in Resources */,
				FC3B03A3270FFA2600266021 /* disney.jpeg in Resources */,
			);
			runOnlyForDeploymentPostprocessing = 0;
		};
/* End PBXResourcesBuildPhase section */

/* Begin PBXSourcesBuildPhase section */
		FC3B036E270FEC1100266021 /* Sources */ = {
			isa = PBXSourcesBuildPhase;
			buildActionMask = 2147483647;
			files = (
				FC3B03C527106BDB00266021 /* DetailImage.swift in Sources */,
				FC3B037F270FEC1200266021 /* Persistence.swift in Sources */,
				FC3B0382270FEC1200266021 /* TestChallenge.xcdatamodeld in Sources */,
				FC3B03C12710387000266021 /* MovieList.swift in Sources */,
				FC3B0394270FF3BB00266021 /* ListView.swift in Sources */,
				FC3B03BD2710271E00266021 /* CurrentPagination.swift in Sources */,
				FC3B0398270FF47B00266021 /* HighratingCell.swift in Sources */,
				FC3B039A270FF48900266021 /* PopularCell.swift in Sources */,
				FC3B03C32710464D00266021 /* DetailView.swift in Sources */,
				FC3B0392270FF36F00266021 /* ContentView.swift in Sources */,
				FC3B0376270FEC1100266021 /* TestChallengeApp.swift in Sources */,
				FC3B0396270FF47400266021 /* CurrentCell.swift in Sources */,
				FC3B039C270FF49600266021 /* ExpectedCell.swift in Sources */,
				FC3B03BF27102F2C00266021 /* Stars.swift in Sources */,
			);
			runOnlyForDeploymentPostprocessing = 0;
		};
/* End PBXSourcesBuildPhase section */

/* Begin XCBuildConfiguration section */
		FC3B0384270FEC1200266021 /* Debug */ = {
			isa = XCBuildConfiguration;
			buildSettings = {
				ALWAYS_SEARCH_USER_PATHS = NO;
				CLANG_ANALYZER_NONNULL = YES;
				CLANG_ANALYZER_NUMBER_OBJECT_CONVERSION = YES_AGGRESSIVE;
				CLANG_CXX_LANGUAGE_STANDARD = "gnu++14";
				CLANG_CXX_LIBRARY = "libc++";
				CLANG_ENABLE_MODULES = YES;
				CLANG_ENABLE_OBJC_ARC = YES;
				CLANG_ENABLE_OBJC_WEAK = YES;
				CLANG_WARN_BLOCK_CAPTURE_AUTORELEASING = YES;
				CLANG_WARN_BOOL_CONVERSION = YES;
				CLANG_WARN_COMMA = YES;
				CLANG_WARN_CONSTANT_CONVERSION = YES;
				CLANG_WARN_DEPRECATED_OBJC_IMPLEMENTATIONS = YES;
				CLANG_WARN_DIRECT_OBJC_ISA_USAGE = YES_ERROR;
				CLANG_WARN_DOCUMENTATION_COMMENTS = YES;
				CLANG_WARN_EMPTY_BODY = YES;
				CLANG_WARN_ENUM_CONVERSION = YES;
				CLANG_WARN_INFINITE_RECURSION = YES;
				CLANG_WARN_INT_CONVERSION = YES;
				CLANG_WARN_NON_LITERAL_NULL_CONVERSION = YES;
				CLANG_WARN_OBJC_IMPLICIT_RETAIN_SELF = YES;
				CLANG_WARN_OBJC_LITERAL_CONVERSION = YES;
				CLANG_WARN_OBJC_ROOT_CLASS = YES_ERROR;
				CLANG_WARN_QUOTED_INCLUDE_IN_FRAMEWORK_HEADER = YES;
				CLANG_WARN_RANGE_LOOP_ANALYSIS = YES;
				CLANG_WARN_STRICT_PROTOTYPES = YES;
				CLANG_WARN_SUSPICIOUS_MOVE = YES;
				CLANG_WARN_UNGUARDED_AVAILABILITY = YES_AGGRESSIVE;
				CLANG_WARN_UNREACHABLE_CODE = YES;
				CLANG_WARN__DUPLICATE_METHOD_MATCH = YES;
				COPY_PHASE_STRIP = NO;
				DEBUG_INFORMATION_FORMAT = dwarf;
				ENABLE_STRICT_OBJC_MSGSEND = YES;
				ENABLE_TESTABILITY = YES;
				GCC_C_LANGUAGE_STANDARD = gnu11;
				GCC_DYNAMIC_NO_PIC = NO;
				GCC_NO_COMMON_BLOCKS = YES;
				GCC_OPTIMIZATION_LEVEL = 0;
				GCC_PREPROCESSOR_DEFINITIONS = (
					"DEBUG=1",
					"$(inherited)",
				);
				GCC_WARN_64_TO_32_BIT_CONVERSION = YES;
				GCC_WARN_ABOUT_RETURN_TYPE = YES_ERROR;
				GCC_WARN_UNDECLARED_SELECTOR = YES;
				GCC_WARN_UNINITIALIZED_AUTOS = YES_AGGRESSIVE;
				GCC_WARN_UNUSED_FUNCTION = YES;
				GCC_WARN_UNUSED_VARIABLE = YES;
				IPHONEOS_DEPLOYMENT_TARGET = 14.5;
				MTL_ENABLE_DEBUG_INFO = INCLUDE_SOURCE;
				MTL_FAST_MATH = YES;
				ONLY_ACTIVE_ARCH = YES;
				SDKROOT = iphoneos;
				SWIFT_ACTIVE_COMPILATION_CONDITIONS = DEBUG;
				SWIFT_OPTIMIZATION_LEVEL = "-Onone";
			};
			name = Debug;
		};
		FC3B0385270FEC1200266021 /* Release */ = {
			isa = XCBuildConfiguration;
			buildSettings = {
				ALWAYS_SEARCH_USER_PATHS = NO;
				CLANG_ANALYZER_NONNULL = YES;
				CLANG_ANALYZER_NUMBER_OBJECT_CONVERSION = YES_AGGRESSIVE;
				CLANG_CXX_LANGUAGE_STANDARD = "gnu++14";
				CLANG_CXX_LIBRARY = "libc++";
				CLANG_ENABLE_MODULES = YES;
				CLANG_ENABLE_OBJC_ARC = YES;
				CLANG_ENABLE_OBJC_WEAK = YES;
				CLANG_WARN_BLOCK_CAPTURE_AUTORELEASING = YES;
				CLANG_WARN_BOOL_CONVERSION = YES;
				CLANG_WARN_COMMA = YES;
				CLANG_WARN_CONSTANT_CONVERSION = YES;
				CLANG_WARN_DEPRECATED_OBJC_IMPLEMENTATIONS = YES;
				CLANG_WARN_DIRECT_OBJC_ISA_USAGE = YES_ERROR;
				CLANG_WARN_DOCUMENTATION_COMMENTS = YES;
				CLANG_WARN_EMPTY_BODY = YES;
				CLANG_WARN_ENUM_CONVERSION = YES;
				CLANG_WARN_INFINITE_RECURSION = YES;
				CLANG_WARN_INT_CONVERSION = YES;
				CLANG_WARN_NON_LITERAL_NULL_CONVERSION = YES;
				CLANG_WARN_OBJC_IMPLICIT_RETAIN_SELF = YES;
				CLANG_WARN_OBJC_LITERAL_CONVERSION = YES;
				CLANG_WARN_OBJC_ROOT_CLASS = YES_ERROR;
				CLANG_WARN_QUOTED_INCLUDE_IN_FRAMEWORK_HEADER = YES;
				CLANG_WARN_RANGE_LOOP_ANALYSIS = YES;
				CLANG_WARN_STRICT_PROTOTYPES = YES;
				CLANG_WARN_SUSPICIOUS_MOVE = YES;
				CLANG_WARN_UNGUARDED_AVAILABILITY = YES_AGGRESSIVE;
				CLANG_WARN_UNREACHABLE_CODE = YES;
				CLANG_WARN__DUPLICATE_METHOD_MATCH = YES;
				COPY_PHASE_STRIP = NO;
				DEBUG_INFORMATION_FORMAT = "dwarf-with-dsym";
				ENABLE_NS_ASSERTIONS = NO;
				ENABLE_STRICT_OBJC_MSGSEND = YES;
				GCC_C_LANGUAGE_STANDARD = gnu11;
				GCC_NO_COMMON_BLOCKS = YES;
				GCC_WARN_64_TO_32_BIT_CONVERSION = YES;
				GCC_WARN_ABOUT_RETURN_TYPE = YES_ERROR;
				GCC_WARN_UNDECLARED_SELECTOR = YES;
				GCC_WARN_UNINITIALIZED_AUTOS = YES_AGGRESSIVE;
				GCC_WARN_UNUSED_FUNCTION = YES;
				GCC_WARN_UNUSED_VARIABLE = YES;
				IPHONEOS_DEPLOYMENT_TARGET = 14.5;
				MTL_ENABLE_DEBUG_INFO = NO;
				MTL_FAST_MATH = YES;
				SDKROOT = iphoneos;
				SWIFT_COMPILATION_MODE = wholemodule;
				SWIFT_OPTIMIZATION_LEVEL = "-O";
				VALIDATE_PRODUCT = YES;
			};
			name = Release;
		};
		FC3B0387270FEC1200266021 /* Debug */ = {
			isa = XCBuildConfiguration;
			buildSettings = {
				ASSETCATALOG_COMPILER_APPICON_NAME = AppIcon;
				ASSETCATALOG_COMPILER_GLOBAL_ACCENT_COLOR_NAME = AccentColor;
				CODE_SIGN_STYLE = Automatic;
				DEVELOPMENT_ASSET_PATHS = "\"TestChallenge/Preview Content\"";
				DEVELOPMENT_TEAM = N5V3B3T996;
				ENABLE_PREVIEWS = YES;
				INFOPLIST_FILE = TestChallenge/Info.plist;
				IPHONEOS_DEPLOYMENT_TARGET = 14.0;
				LD_RUNPATH_SEARCH_PATHS = (
					"$(inherited)",
					"@executable_path/Frameworks",
				);
				PRODUCT_BUNDLE_IDENTIFIER = minju.TestChallenge;
				PRODUCT_NAME = "$(TARGET_NAME)";
				SWIFT_VERSION = 5.0;
				TARGETED_DEVICE_FAMILY = "1,2";
			};
			name = Debug;
		};
		FC3B0388270FEC1200266021 /* Release */ = {
			isa = XCBuildConfiguration;
			buildSettings = {
				ASSETCATALOG_COMPILER_APPICON_NAME = AppIcon;
				ASSETCATALOG_COMPILER_GLOBAL_ACCENT_COLOR_NAME = AccentColor;
				CODE_SIGN_STYLE = Automatic;
				DEVELOPMENT_ASSET_PATHS = "\"TestChallenge/Preview Content\"";
				DEVELOPMENT_TEAM = N5V3B3T996;
				ENABLE_PREVIEWS = YES;
				INFOPLIST_FILE = TestChallenge/Info.plist;
				IPHONEOS_DEPLOYMENT_TARGET = 14.0;
				LD_RUNPATH_SEARCH_PATHS = (
					"$(inherited)",
					"@executable_path/Frameworks",
				);
				PRODUCT_BUNDLE_IDENTIFIER = minju.TestChallenge;
				PRODUCT_NAME = "$(TARGET_NAME)";
				SWIFT_VERSION = 5.0;
				TARGETED_DEVICE_FAMILY = "1,2";
			};
			name = Release;
		};
/* End XCBuildConfiguration section */

/* Begin XCConfigurationList section */
		FC3B036D270FEC1100266021 /* Build configuration list for PBXProject "TestChallenge" */ = {
			isa = XCConfigurationList;
			buildConfigurations = (
				FC3B0384270FEC1200266021 /* Debug */,
				FC3B0385270FEC1200266021 /* Release */,
			);
			defaultConfigurationIsVisible = 0;
			defaultConfigurationName = Release;
		};
		FC3B0386270FEC1200266021 /* Build configuration list for PBXNativeTarget "TestChallenge" */ = {
			isa = XCConfigurationList;
			buildConfigurations = (
				FC3B0387270FEC1200266021 /* Debug */,
				FC3B0388270FEC1200266021 /* Release */,
			);
			defaultConfigurationIsVisible = 0;
			defaultConfigurationName = Release;
		};
/* End XCConfigurationList section */

/* Begin XCVersionGroup section */
		FC3B0380270FEC1200266021 /* TestChallenge.xcdatamodeld */ = {
			isa = XCVersionGroup;
			children = (
				FC3B0381270FEC1200266021 /* TestChallenge.xcdatamodel */,
			);
			currentVersion = FC3B0381270FEC1200266021 /* TestChallenge.xcdatamodel */;
			path = TestChallenge.xcdatamodeld;
			sourceTree = "<group>";
			versionGroupType = wrapper.xcdatamodel;
		};
/* End XCVersionGroup section */
	};
	rootObject = FC3B036A270FEC1100266021 /* Project object */;
}
